{
  "nodes": {
    "cairn": {
      "inputs": {
        "nixpkgs": "nixpkgs"
      },
      "locked": {
        "lastModified": 1790891110,
        "narHash": "sha256-yoyvuNPdWCdqn36dMh01P6yanEBVwvEq7QctdURSXPQ=",
        "owner": "ZacxDev",
        "repo": "cairn",
        "rev": "5c96ffda3bd6729552a96019e94d12df1c6a9751",
        "type": "github"
      },
      "original": {
        "owner": "ZacxDev",
        "repo": "cairn",
        "type": "github"
      }
    },
    "home-manager": {
      "inputs": {
        "nixpkgs": [
          "nixpkgs"
        ]
      },
      "locked": {
        "lastModified": 1790911008,
        "narHash": "sha256-r7KBcjLlw7LzuvCYUU1V50L81uf+0YgHTCnhymTwwpw=",
        "owner": "nix-community",
        "repo": "home-manager",
        "rev": "a439f71e75b94c88300022045713c790c79ba007",
        "type": "github"
      },
      "original": {
        "owner": "nix-community",
        "repo": "home-manager",
        "type": "github"
      }
    },
    "muster": {
      "inputs": {
        "nixpkgs": "nixpkgs_2"
      },
      "locked": {
        "lastModified": 1790892390,
        "narHash": "sha256-tdUi+c62TM6nlgsJnK72/gJFyZhfhM7oNs+Q8v0Ztjg=",
        "owner": "ZacxDev",
        "repo": "muster",
        "rev": "4b5d1280ef830396f4d494a353970f3e15d11a5d",
        "type": "github"
      },
      "original": {
        "owner": "ZacxDev",
        "repo": "muster",
        "type": "github"
      }
    },
    "nixpkgs": {
      "locked": {
        "lastModified": 1788746152,
        "narHash": "sha256-RaKngusl5I8pNi8RfrVvsHq3NZe7eFWzDlb01+hEVqY=",
        "owner": "NixOS",
        "repo": "nixpkgs",
        "rev": "42f17a57f4f6e33b3de3dca0a2a5ea5233169d02",
        "type": "github"
      },
      "original": {
        "owner": "NixOS",
        "ref": "nixpkgs-unstable",
        "repo": "nixpkgs",
        "type": "github"
      }
    },
    "nixpkgs-opencode-1_18_29": {
      "locked": {
        "lastModified": 1788746152,
        "narHash": "sha256-RaKngusl5I8pNi8RfrVvsHq3NZe7eFWzDlb01+hEVqY=",
        "owner": "NixOS",
        "repo": "nixpkgs",
        "rev": "42f17a57f4f6e33b3de3dca0a2a5ea5233169d02",
        "type": "github"
      },
      "original": {
        "owner": "NixOS",
        "repo": "nixpkgs",
        "rev": "42f17a57f4f6e33b3de3dca0a2a5ea5233169d02",
        "type": "github"
      }
    },
    "nixpkgs-playwright-1_57": {
      "locked": {
        "lastModified": 1773100628,
        "narHash": "sha256-pVbhBZtZaHG0rvN85OKIUyamicJP/VlBzDGDrLmrT3E=",
        "owner": "NixOS",
        "repo": "nixpkgs",
        "rev": "d61c78f4921b1622127584d67b2e9afddf588c92",
        "type": "github"
      },
      "original": {
        "owner": "NixOS",
        "repo": "nixpkgs",
        "rev": "d61c78f4921b1622127584d67b2e9afddf588c92",
        "type": "github"
      }
    },
    "nixpkgs_2": {
      "locked": {
        "lastModified": 1788746152,
        "narHash": "sha256-RaKngusl5I8pNi8RfrVvsHq3NZe7eFWzDlb01+hEVqY=",
        "owner": "NixOS",
        "repo": "nixpkgs",
        "rev": "42f17a57f4f6e33b3de3dca0a2a5ea5233169d02",
        "type": "github"
      },
      "original": {
        "owner": "NixOS",
        "ref": "nixpkgs-unstable",
        "repo": "nixpkgs",
        "type": "github"
      }
    },
    "nixpkgs_3": {
      "locked": {
        "lastModified": 1790652569,
        "narHash": "sha256-641r7xrlSOHYoktL9/aArPIYNgZJ9eM5URzSEOtPJDY=",
        "owner": "NixOS",
        "repo": "nixpkgs",
        "rev": "b6c8664de9b6cc07fe5666a29f91884ba81197c4",
        "type": "github"
      },
      "original": {
        "owner": "NixOS",
        "ref": "nixpkgs-unstable",
        "repo": "nixpkgs",
        "type": "github"
      }
    },
    "root": {
      "inputs": {
        "cairn": "cairn",
        "home-manager": "home-manager",
        "muster": "muster",
        "nixpkgs": "nixpkgs_3",
        "nixpkgs-opencode-1_18_29": "nixpkgs-opencode-1_18_29",
        "nixpkgs-playwright-1_57": "nixpkgs-playwright-1_57"
      }
    }
  },
  "root": "root",
  "version": 7
}
